// !$*UTF8*$!
{
	archiveVersion = 1;
	classes = {
	};
	objectVersion = 48;
	objects = {

/* Begin PBXBuildFile section */
		1EDBCEBB2060A73600FB8E63 /* AppDelegate.swift in Sources */ = {isa = PBXBuildFile; fileRef = 1EDBCEBA2060A73600FB8E63 /* AppDelegate.swift */; };
		1EDBCEBD2060A73600FB8E63 /* ViewController.swift in Sources */ = {isa = PBXBuildFile; fileRef = 1EDBCEBC2060A73600FB8E63 /* ViewController.swift */; };
		1EDBCEC02060A73600FB8E63 /* Main.storyboard in Resources */ = {isa = PBXBuildFile; fileRef = 1EDBCEBE2060A73600FB8E63 /* Main.storyboard */; };
		1EDBCEC22060A73600FB8E63 /* Assets.xcassets in Resources */ = {isa = PBXBuildFile; fileRef = 1EDBCEC12060A73600FB8E63 /* Assets.xcassets */; };
		1EDBCEC52060A73600FB8E63 /* LaunchScreen.storyboard in Resources */ = {isa = PBXBuildFile; fileRef = 1EDBCEC32060A73600FB8E63 /* LaunchScreen.storyboard */; };
/* End PBXBuildFile section */

/* Begin PBXFileReference section */
		1EDBCEB72060A73600FB8E63 /* UsingMapsLocations.app */ = {isa = PBXFileReference; explicitFileType = wrapper.application; includeInIndex = 0; path = UsingMapsLocations.app; sourceTree = BUILT_PRODUCTS_DIR; };
		1EDBCEBA2060A73600FB8E63 /* AppDelegate.swift */ = {isa = PBXFileReference; lastKnownFileType = sourcecode.swift; path = AppDelegate.swift; sourceTree = "<group>"; };
		1EDBCEBC2060A73600FB8E63 /* ViewController.swift */ = {isa = PBXFileReference; lastKnownFileType = sourcecode.swift; path = ViewController.swift; sourceTree = "<group>"; };
		1EDBCEBF2060A73600FB8E63 /* Base */ = {isa = PBXFileReference; lastKnownFileType = file.storyboard; name = Base; path = Base.lproj/Main.storyboard; sourceTree = "<group>"; };
		1EDBCEC12060A73600FB8E63 /* Assets.xcassets */ = {isa = PBXFileReference; lastKnownFileType = folder.assetcatalog; path = Assets.xcassets; sourceTree = "<group>"; };
		1EDBCEC42060A73600FB8E63 /* Base */ = {isa = PBXFileReference; lastKnownFileType = file.storyboard; name = Base; path = Base.lproj/LaunchScreen.storyboard; sourceTree = "<group>"; };
		1EDBCEC62060A73600FB8E63 /* Info.plist */ = {isa = PBXFileReference; lastKnownFileType = text.plist.xml; path = Info.plist; sourceTree = "<group>"; };
/* End PBXFileReference section */

/* Begin PBXFrameworksBuildPhase section */
		1EDBCEB42060A73500FB8E63 /* Frameworks */ = {
			isa = PBXFrameworksBuildPhase;
			buildActionMask = 2147483647;
			files = (
			);
			runOnlyForDeploymentPostprocessing = 0;
		};
/* End PBXFrameworksBuildPhase section */

/* Begin PBXGroup section */
		1EDBCEAE2060A73500FB8E63 = {
			isa = PBXGroup;
			children = (
				1EDBCEB92060A73600FB8E63 /* UsingMapsLocations */,
				1EDBCEB82060A73600FB8E63 /* Products */,
			);
			sourceTree = "<group>";
		};
		1EDBCEB82060A73600FB8E63 /* Products */ = {
			isa = PBXGroup;
			children = (
				1EDBCEB72060A73600FB8E63 /* UsingMapsLocations.app */,
			);
			name = Products;
			sourceTree = "<group>";
		};
		1EDBCEB92060A73600FB8E63 /* UsingMapsLocations */ = {
			isa = PBXGroup;
			children = (
				1EDBCEBA2060A73600FB8E63 /* AppDelegate.swift */,
				1EDBCEBC2060A73600FB8E63 /* ViewController.swift */,
				1EDBCEBE2060A73600FB8E63 /* Main.storyboard */,
				1EDBCEC12060A73600FB8E63 /* Assets.xcassets */,
				1EDBCEC32060A73600FB8E63 /* LaunchScreen.storyboard */,
				1EDBCEC62060A73600FB8E63 /* Info.plist */,
			);
			path = UsingMapsLocations;
			sourceTree = "<group>";
		};
/* End PBXGroup section */

/* Begin PBXNativeTarget section */
		1EDBCEB62060A73500FB8E63 /* UsingMapsLocations */ = {
			isa = PBXNativeTarget;
			buildConfigurationList = 1EDBCEC92060A73600FB8E63 /* Build configuration list for PBXNativeTarget "UsingMapsLocations" */;
			buildPhases = (
				1EDBCEB32060A73500FB8E63 /* Sources */,
				1EDBCEB42060A73500FB8E63 /* Frameworks */,
				1EDBCEB52060A73500FB8E63 /* Resources */,
			);
			buildRules = (
			);
			dependencies = (
			);
			name = UsingMapsLocations;
			productName = UsingMapsLocations;
			productReference = 1EDBCEB72060A73600FB8E63 /* UsingMapsLocations.app */;
			productType = "com.apple.product-type.application";
		};
/* End PBXNativeTarget section */

/* Begin PBXProject section */
		1EDBCEAF2060A73500FB8E63 /* Project object */ = {
			isa = PBXProject;
			attributes = {
				LastSwiftUpdateCheck = 0910;
				LastUpgradeCheck = 0910;
				ORGANIZATIONNAME = "Juan Jose Colin";
				TargetAttributes = {
					1EDBCEB62060A73500FB8E63 = {
						CreatedOnToolsVersion = 9.1;
						ProvisioningStyle = Automatic;
					};
				};
			};
			buildConfigurationList = 1EDBCEB22060A73500FB8E63 /* Build configuration list for PBXProject "UsingMapsLocations" */;
			compatibilityVersion = "Xcode 8.0";
			developmentRegion = en;
			hasScannedForEncodings = 0;
			knownRegions = (
				en,
				Base,
			);
			mainGroup = 1EDBCEAE2060A73500FB8E63;
			productRefGroup = 1EDBCEB82060A73600FB8E63 /* Products */;
			projectDirPath = "";
			projectRoot = "";
			targets = (
				1EDBCEB62060A73500FB8E63 /* UsingMapsLocations */,
			);
		};
/* End PBXProject section */

/* Begin PBXResourcesBuildPhase section */
		1EDBCEB52060A73500FB8E63 /* Resources */ = {
			isa = PBXResourcesBuildPhase;
			buildActionMask = 2147483647;
			files = (
				1EDBCEC52060A73600FB8E63 /* LaunchScreen.storyboard in Resources */,
				1EDBCEC22060A73600FB8E63 /* Assets.xcassets in Resources */,
				1EDBCEC02060A73600FB8E63 /* Main.storyboard in Resources */,
			);
			runOnlyForDeploymentPostprocessing = 0;
		};
/* End PBXResourcesBuildPhase section */

/* Begin PBXSourcesBuildPhase section */
		1EDBCEB32060A73500FB8E63 /* Sources */ = {
			isa = PBXSourcesBuildPhase;
			buildActionMask = 2147483647;
			files = (
				1EDBCEBD2060A73600FB8E63 /* ViewController.swift in Sources */,
				1EDBCEBB2060A73600FB8E63 /* AppDelegate.swift in Sources */,
			);
			runOnlyForDeploymentPostprocessing = 0;
		};
/* End PBXSourcesBuildPhase section */

/* Begin PBXVariantGroup section */
		1EDBCEBE2060A73600FB8E63 /* Main.storyboard */ = {
			isa = PBXVariantGroup;
			children = (
				1EDBCEBF2060A73600FB8E63 /* Base */,
			);
			name = Main.storyboard;
			sourceTree = "<group>";
		};
		1EDBCEC32060A73600FB8E63 /* LaunchScreen.storyboard */ = {
			isa = PBXVariantGroup;
			children = (
				1EDBCEC42060A73600FB8E63 /* Base */,
			);
			name = LaunchScreen.storyboard;
			sourceTree = "<group>";
		};
/* End PBXVariantGroup section */

/* Begin XCBuildConfiguration section */
		1EDBCEC72060A73600FB8E63 /* Debug */ = {
			isa = XCBuildConfiguration;
			buildSettings = {
				ALWAYS_SEARCH_USER_PATHS = NO;
				CLANG_ANALYZER_NONNULL = YES;
				CLANG_ANALYZER_NUMBER_OBJECT_CONVERSION = YES_AGGRESSIVE;
				CLANG_CXX_LANGUAGE_STANDARD = "gnu++14";
				CLANG_CXX_LIBRARY = "libc++";
				CLANG_ENABLE_MODULES = YES;
				CLANG_ENABLE_OBJC_ARC = YES;
				CLANG_WARN_BLOCK_CAPTURE_AUTORELEASING = YES;
				CLANG_WARN_BOOL_CONVERSION = YES;
				CLANG_WARN_COMMA = YES;
				CLANG_WARN_CONSTANT_CONVERSION = YES;
				CLANG_WARN_DIRECT_OBJC_ISA_USAGE = YES_ERROR;
				CLANG_WARN_DOCUMENTATION_COMMENTS = YES;
				CLANG_WARN_EMPTY_BODY = YES;
				CLANG_WARN_ENUM_CONVERSION = YES;
				CLANG_WARN_INFINITE_RECURSION = YES;
				CLANG_WARN_INT_CONVERSION = YES;
				CLANG_WARN_NON_LITERAL_NULL_CONVERSION = YES;
				CLANG_WARN_OBJC_LITERAL_CONVERSION = YES;
				CLANG_WARN_OBJC_ROOT_CLASS = YES_ERROR;
				CLANG_WARN_RANGE_LOOP_ANALYSIS = YES;
				CLANG_WARN_STRICT_PROTOTYPES = YES;
				CLANG_WARN_SUSPICIOUS_MOVE = YES;
				CLANG_WARN_UNGUARDED_AVAILABILITY = YES_AGGRESSIVE;
				CLANG_WARN_UNREACHABLE_CODE = YES;
				CLANG_WARN__DUPLICATE_METHOD_MATCH = YES;
				CODE_SIGN_IDENTITY = "iPhone Developer";
				COPY_PHASE_STRIP = NO;
				DEBUG_INFORMATION_FORMAT = dwarf;
				ENABLE_STRICT_OBJC_MSGSEND = YES;
				ENABLE_TESTABILITY = YES;
				GCC_C_LANGUAGE_STANDARD = gnu11;
				GCC_DYNAMIC_NO_PIC = NO;
				GCC_NO_COMMON_BLOCKS = YES;
				GCC_OPTIMIZATION_LEVEL = 0;
				GCC_PREPROCESSOR_DEFINITIONS = (
					"DEBUG=1",
					"$(inherited)",
				);
				GCC_WARN_64_TO_32_BIT_CONVERSION = YES;
				GCC_WARN_ABOUT_RETURN_TYPE = YES_ERROR;
				GCC_WARN_UNDECLARED_SELECTOR = YES;
				GCC_WARN_UNINITIALIZED_AUTOS = YES_AGGRESSIVE;
				GCC_WARN_UNUSED_FUNCTION = YES;
				GCC_WARN_UNUSED_VARIABLE = YES;
				IPHONEOS_DEPLOYMENT_TARGET = 11.1;
				MTL_ENABLE_DEBUG_INFO = YES;
				ONLY_ACTIVE_ARCH = YES;
				SDKROOT = iphoneos;
				SWIFT_ACTIVE_COMPILATION_CONDITIONS = DEBUG;
				SWIFT_OPTIMIZATION_LEVEL = "-Onone";
			};
			name = Debug;
		};
		1EDBCEC82060A73600FB8E63 /* Release */ = {
			isa = XCBuildConfiguration;
			buildSettings = {
				ALWAYS_SEARCH_USER_PATHS = NO;
				CLANG_ANALYZER_NONNULL = YES;
				CLANG_ANALYZER_NUMBER_OBJECT_CONVERSION = YES_AGGRESSIVE;
				CLANG_CXX_LANGUAGE_STANDARD = "gnu++14";
				CLANG_CXX_LIBRARY = "libc++";
				CLANG_ENABLE_MODULES = YES;
				CLANG_ENABLE_OBJC_ARC = YES;
				CLANG_WARN_BLOCK_CAPTURE_AUTORELEASING = YES;
				CLANG_WARN_BOOL_CONVERSION = YES;
				CLANG_WARN_COMMA = YES;
				CLANG_WARN_CONSTANT_CONVERSION = YES;
				CLANG_WARN_DIRECT_OBJC_ISA_USAGE = YES_ERROR;
				CLANG_WARN_DOCUMENTATION_COMMENTS = YES;
				CLANG_WARN_EMPTY_BODY = YES;
				CLANG_WARN_ENUM_CONVERSION = YES;
				CLANG_WARN_INFINITE_RECURSION = YES;
				CLANG_WARN_INT_CONVERSION = YES;
				CLANG_WARN_NON_LITERAL_NULL_CONVERSION = YES;
				CLANG_WARN_OBJC_LITERAL_CONVERSION = YES;
				CLANG_WARN_OBJC_ROOT_CLASS = YES_ERROR;
				CLANG_WARN_RANGE_LOOP_ANALYSIS = YES;
				CLANG_WARN_STRICT_PROTOTYPES = YES;
				CLANG_WARN_SUSPICIOUS_MOVE = YES;
				CLANG_WARN_UNGUARDED_AVAILABILITY = YES_AGGRESSIVE;
				CLANG_WARN_UNREACHABLE_CODE = YES;
				CLANG_WARN__DUPLICATE_METHOD_MATCH = YES;
				CODE_SIGN_IDENTITY = "iPhone Developer";
				COPY_PHASE_STRIP = NO;
				DEBUG_INFORMATION_FORMAT = "dwarf-with-dsym";
				ENABLE_NS_ASSERTIONS = NO;
				ENABLE_STRICT_OBJC_MSGSEND = YES;
				GCC_C_LANGUAGE_STANDARD = gnu11;
				GCC_NO_COMMON_BLOCKS = YES;
				GCC_WARN_64_TO_32_BIT_CONVERSION = YES;
				GCC_WARN_ABOUT_RETURN_TYPE = YES_ERROR;
				GCC_WARN_UNDECLARED_SELECTOR = YES;
				GCC_WARN_UNINITIALIZED_AUTOS = YES_AGGRESSIVE;
				GCC_WARN_UNUSED_FUNCTION = YES;
				GCC_WARN_UNUSED_VARIABLE = YES;
				IPHONEOS_DEPLOYMENT_TARGET = 11.1;
				MTL_ENABLE_DEBUG_INFO = NO;
				SDKROOT = iphoneos;
				SWIFT_OPTIMIZATION_LEVEL = "-Owholemodule";
				VALIDATE_PRODUCT = YES;
			};
			name = Release;
		};
		1EDBCECA2060A73600FB8E63 /* Debug */ = {
			isa = XCBuildConfiguration;
			buildSettings = {
				ASSETCATALOG_COMPILER_APPICON_NAME = AppIcon;
				CODE_SIGN_STYLE = Automatic;
				INFOPLIST_FILE = UsingMapsLocations/Info.plist;
				LD_RUNPATH_SEARCH_PATHS = "$(inherited) @executable_path/Frameworks";
				PRODUCT_BUNDLE_IDENTIFIER = com.appcoda.UsingMapsLocations;
				PRODUCT_NAME = "$(TARGET_NAME)";
				SWIFT_VERSION = 4.0;
				TARGETED_DEVICE_FAMILY = "1,2";
			};
			name = Debug;
		};
		1EDBCECB2060A73600FB8E63 /* Release */ = {
			isa = XCBuildConfiguration;
			buildSettings = {
				ASSETCATALOG_COMPILER_APPICON_NAME = AppIcon;
				CODE_SIGN_STYLE = Automatic;
				INFOPLIST_FILE = UsingMapsLocations/Info.plist;
				LD_RUNPATH_SEARCH_PATHS = "$(inherited) @executable_path/Frameworks";
				PRODUCT_BUNDLE_IDENTIFIER = com.appcoda.UsingMapsLocations;
				PRODUCT_NAME = "$(TARGET_NAME)";
				SWIFT_VERSION = 4.0;
				TARGETED_DEVICE_FAMILY = "1,2";
			};
			name = Release;
		};
/* End XCBuildConfiguration section */

/* Begin XCConfigurationList section */
		1EDBCEB22060A73500FB8E63 /* Build configuration list for PBXProject "UsingMapsLocations" */ = {
			isa = XCConfigurationList;
			buildConfigurations = (
				1EDBCEC72060A73600FB8E63 /* Debug */,
				1EDBCEC82060A73600FB8E63 /* Release */,
			);
			defaultConfigurationIsVisible = 0;
			defaultConfigurationName = Release;
		};
		1EDBCEC92060A73600FB8E63 /* Build configuration list for PBXNativeTarget "UsingMapsLocations" */ = {
			isa = XCConfigurationList;
			buildConfigurations = (
				1EDBCECA2060A73600FB8E63 /* Debug */,
				1EDBCECB2060A73600FB8E63 /* Release */,
			);
			defaultConfigurationIsVisible = 0;
			defaultConfigurationName = Release;
		};
/* End XCConfigurationList section */
	};
	rootObject = 1EDBCEAF2060A73500FB8E63 /* Project object */;
}
